
Microsoft Visual Studio Solution File, Format Version 12.00
# Visual Studio 15
VisualStudioVersion = 15.0.26430.16
MinimumVisualStudioVersion = 10.0.40219.1
Project("{9A19103F-16F7-4668-BE54-9A1E7A4F7556}") = "InterviewTopics", "InterviewTopics\InterviewTopics.csproj", "{4310B562-A1F8-4FC6-A0CC-973A1C31A8DD}"
EndProject
Project("{9A19103F-16F7-4668-BE54-9A1E7A4F7556}") = "TestProject", "TestProject\TestProject.csproj", "{3ABEA74F-5A10-4B4F-82C2-78B32197D68C}"
EndProject
Project("{FAE04EC0-301F-11D3-BF4B-00C04F79EFBC}") = "TestConsoleApplication", "..\..\TestConsoleApplication\TestConsoleApplication.csproj", "{30FB97E8-83F8-4D35-98A2-54A74D74D6D3}"
EndProject
Project("{FAE04EC0-301F-11D3-BF4B-00C04F79EFBC}") = "UnitTestProject", "UnitTestProject\UnitTestProject.csproj", "{3D540760-9F8A-4E64-B51E-1A60EDCC6E22}"
EndProject
Global
	GlobalSection(SolutionConfigurationPlatforms) = preSolution
		Debug|Any CPU = Debug|Any CPU
		Release|Any CPU = Release|Any CPU
	EndGlobalSection
	GlobalSection(ProjectConfigurationPlatforms) = postSolution
		{4310B562-A1F8-4FC6-A0CC-973A1C31A8DD}.Debug|Any CPU.ActiveCfg = Debug|Any CPU
		{4310B562-A1F8-4FC6-A0CC-973A1C31A8DD}.Debug|Any CPU.Build.0 = Debug|Any CPU
		{4310B562-A1F8-4FC6-A0CC-973A1C31A8DD}.Release|Any CPU.ActiveCfg = Release|Any CPU
		{4310B562-A1F8-4FC6-A0CC-973A1C31A8DD}.Release|Any CPU.Build.0 = Release|Any CPU
		{3ABEA74F-5A10-4B4F-82C2-78B32197D68C}.Debug|Any CPU.ActiveCfg = Debug|Any CPU
		{3ABEA74F-5A10-4B4F-82C2-78B32197D68C}.Debug|Any CPU.Build.0 = Debug|Any CPU
		{3ABEA74F-5A10-4B4F-82C2-78B32197D68C}.Release|Any CPU.ActiveCfg = Release|Any CPU
		{3ABEA74F-5A10-4B4F-82C2-78B32197D68C}.Release|Any CPU.Build.0 = Release|Any CPU
		{30FB97E8-83F8-4D35-98A2-54A74D74D6D3}.Debug|Any CPU.ActiveCfg = Debug|Any CPU
		{30FB97E8-83F8-4D35-98A2-54A74D74D6D3}.Debug|Any CPU.Build.0 = Debug|Any CPU
		{30FB97E8-83F8-4D35-98A2-54A74D74D6D3}.Release|Any CPU.ActiveCfg = Release|Any CPU
		{30FB97E8-83F8-4D35-98A2-54A74D74D6D3}.Release|Any CPU.Build.0 = Release|Any CPU
		{3D540760-9F8A-4E64-B51E-1A60EDCC6E22}.Debug|Any CPU.ActiveCfg = Debug|Any CPU
		{3D540760-9F8A-4E64-B51E-1A60EDCC6E22}.Debug|Any CPU.Build.0 = Debug|Any CPU
		{3D540760-9F8A-4E64-B51E-1A60EDCC6E22}.Release|Any CPU.ActiveCfg = Release|Any CPU
		{3D540760-9F8A-4E64-B51E-1A60EDCC6E22}.Release|Any CPU.Build.0 = Release|Any CPU
	EndGlobalSection
	GlobalSection(SolutionProperties) = preSolution
		HideSolutionNode = FALSE
	EndGlobalSection
EndGlobal
